// !$*UTF8*$!
{
	archiveVersion = 1;
	classes = {
	};
	objectVersion = 56;
	objects = {

/* Begin PBXBuildFile section */
		6D4DE08368112DFCBB66B087 /* Pods_open_weather_shared_open_weather_tests_shared_open_weatherUITests.framework in Frameworks */ = {isa = PBXBuildFile; fileRef = E9093697504DFC4C24F2C3B4 /* Pods_open_weather_shared_open_weather_tests_shared_open_weatherUITests.framework */; };
		790233532BC37B660097BE46 /* AppDelegate.swift in Sources */ = {isa = PBXBuildFile; fileRef = 790233522BC37B660097BE46 /* AppDelegate.swift */; };
		790233552BC37B660097BE46 /* SceneDelegate.swift in Sources */ = {isa = PBXBuildFile; fileRef = 790233542BC37B660097BE46 /* SceneDelegate.swift */; };
		7902335C2BC37B680097BE46 /* Assets.xcassets in Resources */ = {isa = PBXBuildFile; fileRef = 7902335B2BC37B680097BE46 /* Assets.xcassets */; };
		7902335F2BC37B680097BE46 /* Base in Resources */ = {isa = PBXBuildFile; fileRef = 7902335E2BC37B680097BE46 /* Base */; };
		7902336A2BC37B680097BE46 /* open_weatherTests.swift in Sources */ = {isa = PBXBuildFile; fileRef = 790233692BC37B680097BE46 /* open_weatherTests.swift */; };
		790233742BC37B690097BE46 /* open_weatherUITests.swift in Sources */ = {isa = PBXBuildFile; fileRef = 790233732BC37B690097BE46 /* open_weatherUITests.swift */; };
		790233762BC37B690097BE46 /* open_weatherUITestsLaunchTests.swift in Sources */ = {isa = PBXBuildFile; fileRef = 790233752BC37B690097BE46 /* open_weatherUITestsLaunchTests.swift */; };
		790233832BC37C320097BE46 /* RootViewController.swift in Sources */ = {isa = PBXBuildFile; fileRef = 790233822BC37C320097BE46 /* RootViewController.swift */; };
		790233852BC37C7B0097BE46 /* WeatherViewController.swift in Sources */ = {isa = PBXBuildFile; fileRef = 790233842BC37C7B0097BE46 /* WeatherViewController.swift */; };
		790233872BC37C9A0097BE46 /* WeatherDetailViewController.swift in Sources */ = {isa = PBXBuildFile; fileRef = 790233862BC37C9A0097BE46 /* WeatherDetailViewController.swift */; };
		7926240F2BC381D7006FB58E /* BaseViewController.swift in Sources */ = {isa = PBXBuildFile; fileRef = 7926240E2BC381D7006FB58E /* BaseViewController.swift */; };
		792624112BC382E2006FB58E /* Localizable.xcstrings in Resources */ = {isa = PBXBuildFile; fileRef = 792624102BC382E2006FB58E /* Localizable.xcstrings */; };
		99A15CAB1420FBD8A4B7E43E /* Pods_open_weather_shared_open_weather.framework in Frameworks */ = {isa = PBXBuildFile; fileRef = 3AB6363A22FD18FC3A786524 /* Pods_open_weather_shared_open_weather.framework */; };
		D8FBC1306F846A20D6398F7F /* Pods_open_weather_shared_open_weather_tests_shared_open_weatherTests.framework in Frameworks */ = {isa = PBXBuildFile; fileRef = 2D8FABF4D84A603E6057A1E9 /* Pods_open_weather_shared_open_weather_tests_shared_open_weatherTests.framework */; };
/* End PBXBuildFile section */

/* Begin PBXContainerItemProxy section */
		790233662BC37B680097BE46 /* PBXContainerItemProxy */ = {
			isa = PBXContainerItemProxy;
			containerPortal = 790233472BC37B660097BE46 /* Project object */;
			proxyType = 1;
			remoteGlobalIDString = 7902334E2BC37B660097BE46;
			remoteInfo = "open-weather";
		};
		790233702BC37B690097BE46 /* PBXContainerItemProxy */ = {
			isa = PBXContainerItemProxy;
			containerPortal = 790233472BC37B660097BE46 /* Project object */;
			proxyType = 1;
			remoteGlobalIDString = 7902334E2BC37B660097BE46;
			remoteInfo = "open-weather";
		};
/* End PBXContainerItemProxy section */

/* Begin PBXFileReference section */
		07766B092D659E81F166ADEA /* Pods-open-weather-shared-open-weather.release.xcconfig */ = {isa = PBXFileReference; includeInIndex = 1; lastKnownFileType = text.xcconfig; name = "Pods-open-weather-shared-open-weather.release.xcconfig"; path = "Target Support Files/Pods-open-weather-shared-open-weather/Pods-open-weather-shared-open-weather.release.xcconfig"; sourceTree = "<group>"; };
		2D8FABF4D84A603E6057A1E9 /* Pods_open_weather_shared_open_weather_tests_shared_open_weatherTests.framework */ = {isa = PBXFileReference; explicitFileType = wrapper.framework; includeInIndex = 0; path = Pods_open_weather_shared_open_weather_tests_shared_open_weatherTests.framework; sourceTree = BUILT_PRODUCTS_DIR; };
		363566C58F7E136D288398F0 /* Pods-open-weather-shared-open-weather-tests-shared-open-weatherUITests.release.xcconfig */ = {isa = PBXFileReference; includeInIndex = 1; lastKnownFileType = text.xcconfig; name = "Pods-open-weather-shared-open-weather-tests-shared-open-weatherUITests.release.xcconfig"; path = "Target Support Files/Pods-open-weather-shared-open-weather-tests-shared-open-weatherUITests/Pods-open-weather-shared-open-weather-tests-shared-open-weatherUITests.release.xcconfig"; sourceTree = "<group>"; };
		3AB6363A22FD18FC3A786524 /* Pods_open_weather_shared_open_weather.framework */ = {isa = PBXFileReference; explicitFileType = wrapper.framework; includeInIndex = 0; path = Pods_open_weather_shared_open_weather.framework; sourceTree = BUILT_PRODUCTS_DIR; };
		4CDDB2C8A885372B73DF3D91 /* Pods-open-weather-shared-open-weather-tests-shared-open-weatherUITests.debug.xcconfig */ = {isa = PBXFileReference; includeInIndex = 1; lastKnownFileType = text.xcconfig; name = "Pods-open-weather-shared-open-weather-tests-shared-open-weatherUITests.debug.xcconfig"; path = "Target Support Files/Pods-open-weather-shared-open-weather-tests-shared-open-weatherUITests/Pods-open-weather-shared-open-weather-tests-shared-open-weatherUITests.debug.xcconfig"; sourceTree = "<group>"; };
		7902334F2BC37B660097BE46 /* open-weather.app */ = {isa = PBXFileReference; explicitFileType = wrapper.application; includeInIndex = 0; path = "open-weather.app"; sourceTree = BUILT_PRODUCTS_DIR; };
		790233522BC37B660097BE46 /* AppDelegate.swift */ = {isa = PBXFileReference; lastKnownFileType = sourcecode.swift; path = AppDelegate.swift; sourceTree = "<group>"; };
		790233542BC37B660097BE46 /* SceneDelegate.swift */ = {isa = PBXFileReference; lastKnownFileType = sourcecode.swift; path = SceneDelegate.swift; sourceTree = "<group>"; };
		7902335B2BC37B680097BE46 /* Assets.xcassets */ = {isa = PBXFileReference; lastKnownFileType = folder.assetcatalog; path = Assets.xcassets; sourceTree = "<group>"; };
		7902335E2BC37B680097BE46 /* Base */ = {isa = PBXFileReference; lastKnownFileType = file.storyboard; name = Base; path = Base.lproj/LaunchScreen.storyboard; sourceTree = "<group>"; };
		790233602BC37B680097BE46 /* Info.plist */ = {isa = PBXFileReference; lastKnownFileType = text.plist.xml; path = Info.plist; sourceTree = "<group>"; };
		790233652BC37B680097BE46 /* open-weatherTests.xctest */ = {isa = PBXFileReference; explicitFileType = wrapper.cfbundle; includeInIndex = 0; path = "open-weatherTests.xctest"; sourceTree = BUILT_PRODUCTS_DIR; };
		790233692BC37B680097BE46 /* open_weatherTests.swift */ = {isa = PBXFileReference; lastKnownFileType = sourcecode.swift; path = open_weatherTests.swift; sourceTree = "<group>"; };
		7902336F2BC37B690097BE46 /* open-weatherUITests.xctest */ = {isa = PBXFileReference; explicitFileType = wrapper.cfbundle; includeInIndex = 0; path = "open-weatherUITests.xctest"; sourceTree = BUILT_PRODUCTS_DIR; };
		790233732BC37B690097BE46 /* open_weatherUITests.swift */ = {isa = PBXFileReference; lastKnownFileType = sourcecode.swift; path = open_weatherUITests.swift; sourceTree = "<group>"; };
		790233752BC37B690097BE46 /* open_weatherUITestsLaunchTests.swift */ = {isa = PBXFileReference; lastKnownFileType = sourcecode.swift; path = open_weatherUITestsLaunchTests.swift; sourceTree = "<group>"; };
		790233822BC37C320097BE46 /* RootViewController.swift */ = {isa = PBXFileReference; lastKnownFileType = sourcecode.swift; path = RootViewController.swift; sourceTree = "<group>"; };
		790233842BC37C7B0097BE46 /* WeatherViewController.swift */ = {isa = PBXFileReference; lastKnownFileType = sourcecode.swift; path = WeatherViewController.swift; sourceTree = "<group>"; };
		790233862BC37C9A0097BE46 /* WeatherDetailViewController.swift */ = {isa = PBXFileReference; lastKnownFileType = sourcecode.swift; path = WeatherDetailViewController.swift; sourceTree = "<group>"; };
		7926240E2BC381D7006FB58E /* BaseViewController.swift */ = {isa = PBXFileReference; lastKnownFileType = sourcecode.swift; path = BaseViewController.swift; sourceTree = "<group>"; };
		792624102BC382E2006FB58E /* Localizable.xcstrings */ = {isa = PBXFileReference; lastKnownFileType = text.json.xcstrings; path = Localizable.xcstrings; sourceTree = "<group>"; };
		79542C924A224C64D66AFB22 /* Pods-open-weather-shared-open-weather-tests-shared-open-weatherTests.debug.xcconfig */ = {isa = PBXFileReference; includeInIndex = 1; lastKnownFileType = text.xcconfig; name = "Pods-open-weather-shared-open-weather-tests-shared-open-weatherTests.debug.xcconfig"; path = "Target Support Files/Pods-open-weather-shared-open-weather-tests-shared-open-weatherTests/Pods-open-weather-shared-open-weather-tests-shared-open-weatherTests.debug.xcconfig"; sourceTree = "<group>"; };
		997B463FCA0BD76F2BAB603C /* Pods-open-weather-shared-open-weather.debug.xcconfig */ = {isa = PBXFileReference; includeInIndex = 1; lastKnownFileType = text.xcconfig; name = "Pods-open-weather-shared-open-weather.debug.xcconfig"; path = "Target Support Files/Pods-open-weather-shared-open-weather/Pods-open-weather-shared-open-weather.debug.xcconfig"; sourceTree = "<group>"; };
		AF44DB00CD93149AD16A5BBB /* Pods-open-weather-shared-open-weather-tests-shared-open-weatherTests.release.xcconfig */ = {isa = PBXFileReference; includeInIndex = 1; lastKnownFileType = text.xcconfig; name = "Pods-open-weather-shared-open-weather-tests-shared-open-weatherTests.release.xcconfig"; path = "Target Support Files/Pods-open-weather-shared-open-weather-tests-shared-open-weatherTests/Pods-open-weather-shared-open-weather-tests-shared-open-weatherTests.release.xcconfig"; sourceTree = "<group>"; };
		E9093697504DFC4C24F2C3B4 /* Pods_open_weather_shared_open_weather_tests_shared_open_weatherUITests.framework */ = {isa = PBXFileReference; explicitFileType = wrapper.framework; includeInIndex = 0; path = Pods_open_weather_shared_open_weather_tests_shared_open_weatherUITests.framework; sourceTree = BUILT_PRODUCTS_DIR; };
/* End PBXFileReference section */

/* Begin PBXFrameworksBuildPhase section */
		7902334C2BC37B660097BE46 /* Frameworks */ = {
			isa = PBXFrameworksBuildPhase;
			buildActionMask = 2147483647;
			files = (
				99A15CAB1420FBD8A4B7E43E /* Pods_open_weather_shared_open_weather.framework in Frameworks */,
			);
			runOnlyForDeploymentPostprocessing = 0;
		};
		790233622BC37B680097BE46 /* Frameworks */ = {
			isa = PBXFrameworksBuildPhase;
			buildActionMask = 2147483647;
			files = (
				D8FBC1306F846A20D6398F7F /* Pods_open_weather_shared_open_weather_tests_shared_open_weatherTests.framework in Frameworks */,
			);
			runOnlyForDeploymentPostprocessing = 0;
		};
		7902336C2BC37B690097BE46 /* Frameworks */ = {
			isa = PBXFrameworksBuildPhase;
			buildActionMask = 2147483647;
			files = (
				6D4DE08368112DFCBB66B087 /* Pods_open_weather_shared_open_weather_tests_shared_open_weatherUITests.framework in Frameworks */,
			);
			runOnlyForDeploymentPostprocessing = 0;
		};
/* End PBXFrameworksBuildPhase section */

/* Begin PBXGroup section */
		790233462BC37B660097BE46 = {
			isa = PBXGroup;
			children = (
				790233512BC37B660097BE46 /* open-weather */,
				790233682BC37B680097BE46 /* open-weatherTests */,
				790233722BC37B690097BE46 /* open-weatherUITests */,
				790233502BC37B660097BE46 /* Products */,
				FE59CFB93D6487DB9D454375 /* Pods */,
				EC787EF4AD43A50F7EC94A7A /* Frameworks */,
			);
			sourceTree = "<group>";
		};
		790233502BC37B660097BE46 /* Products */ = {
			isa = PBXGroup;
			children = (
				7902334F2BC37B660097BE46 /* open-weather.app */,
				790233652BC37B680097BE46 /* open-weatherTests.xctest */,
				7902336F2BC37B690097BE46 /* open-weatherUITests.xctest */,
			);
			name = Products;
			sourceTree = "<group>";
		};
		790233512BC37B660097BE46 /* open-weather */ = {
			isa = PBXGroup;
			children = (
				790233522BC37B660097BE46 /* AppDelegate.swift */,
				790233542BC37B660097BE46 /* SceneDelegate.swift */,
				790233822BC37C320097BE46 /* RootViewController.swift */,
				7926240E2BC381D7006FB58E /* BaseViewController.swift */,
				790233842BC37C7B0097BE46 /* WeatherViewController.swift */,
				790233862BC37C9A0097BE46 /* WeatherDetailViewController.swift */,
				7902335B2BC37B680097BE46 /* Assets.xcassets */,
				7902335D2BC37B680097BE46 /* LaunchScreen.storyboard */,
				790233602BC37B680097BE46 /* Info.plist */,
				792624102BC382E2006FB58E /* Localizable.xcstrings */,
			);
			path = "open-weather";
			sourceTree = "<group>";
		};
		790233682BC37B680097BE46 /* open-weatherTests */ = {
			isa = PBXGroup;
			children = (
				790233692BC37B680097BE46 /* open_weatherTests.swift */,
			);
			path = "open-weatherTests";
			sourceTree = "<group>";
		};
		790233722BC37B690097BE46 /* open-weatherUITests */ = {
			isa = PBXGroup;
			children = (
				790233732BC37B690097BE46 /* open_weatherUITests.swift */,
				790233752BC37B690097BE46 /* open_weatherUITestsLaunchTests.swift */,
			);
			path = "open-weatherUITests";
			sourceTree = "<group>";
		};
		EC787EF4AD43A50F7EC94A7A /* Frameworks */ = {
			isa = PBXGroup;
			children = (
				3AB6363A22FD18FC3A786524 /* Pods_open_weather_shared_open_weather.framework */,
				2D8FABF4D84A603E6057A1E9 /* Pods_open_weather_shared_open_weather_tests_shared_open_weatherTests.framework */,
				E9093697504DFC4C24F2C3B4 /* Pods_open_weather_shared_open_weather_tests_shared_open_weatherUITests.framework */,
			);
			name = Frameworks;
			sourceTree = "<group>";
		};
		FE59CFB93D6487DB9D454375 /* Pods */ = {
			isa = PBXGroup;
			children = (
				997B463FCA0BD76F2BAB603C /* Pods-open-weather-shared-open-weather.debug.xcconfig */,
				07766B092D659E81F166ADEA /* Pods-open-weather-shared-open-weather.release.xcconfig */,
				79542C924A224C64D66AFB22 /* Pods-open-weather-shared-open-weather-tests-shared-open-weatherTests.debug.xcconfig */,
				AF44DB00CD93149AD16A5BBB /* Pods-open-weather-shared-open-weather-tests-shared-open-weatherTests.release.xcconfig */,
				4CDDB2C8A885372B73DF3D91 /* Pods-open-weather-shared-open-weather-tests-shared-open-weatherUITests.debug.xcconfig */,
				363566C58F7E136D288398F0 /* Pods-open-weather-shared-open-weather-tests-shared-open-weatherUITests.release.xcconfig */,
			);
			path = Pods;
			sourceTree = "<group>";
		};
/* End PBXGroup section */

/* Begin PBXNativeTarget section */
		7902334E2BC37B660097BE46 /* open-weather */ = {
			isa = PBXNativeTarget;
			buildConfigurationList = 790233792BC37B690097BE46 /* Build configuration list for PBXNativeTarget "open-weather" */;
			buildPhases = (
				FCCAA09005687DA733C4499A /* [CP] Check Pods Manifest.lock */,
				7902334B2BC37B660097BE46 /* Sources */,
				7902334C2BC37B660097BE46 /* Frameworks */,
				7902334D2BC37B660097BE46 /* Resources */,
				51526B6F0EF6880E37CB294B /* [CP] Embed Pods Frameworks */,
			);
			buildRules = (
			);
			dependencies = (
			);
			name = "open-weather";
			productName = "open-weather";
			productReference = 7902334F2BC37B660097BE46 /* open-weather.app */;
			productType = "com.apple.product-type.application";
		};
		790233642BC37B680097BE46 /* open-weatherTests */ = {
			isa = PBXNativeTarget;
			buildConfigurationList = 7902337C2BC37B690097BE46 /* Build configuration list for PBXNativeTarget "open-weatherTests" */;
			buildPhases = (
				191705AA9CB76ABCDBD92650 /* [CP] Check Pods Manifest.lock */,
				790233612BC37B680097BE46 /* Sources */,
				790233622BC37B680097BE46 /* Frameworks */,
				790233632BC37B680097BE46 /* Resources */,
				65C115B6280A2EA71F112158 /* [CP] Embed Pods Frameworks */,
			);
			buildRules = (
			);
			dependencies = (
				790233672BC37B680097BE46 /* PBXTargetDependency */,
			);
			name = "open-weatherTests";
			productName = "open-weatherTests";
			productReference = 790233652BC37B680097BE46 /* open-weatherTests.xctest */;
			productType = "com.apple.product-type.bundle.unit-test";
		};
		7902336E2BC37B690097BE46 /* open-weatherUITests */ = {
			isa = PBXNativeTarget;
			buildConfigurationList = 7902337F2BC37B690097BE46 /* Build configuration list for PBXNativeTarget "open-weatherUITests" */;
			buildPhases = (
				8FFF2CE1F92170135A30D09E /* [CP] Check Pods Manifest.lock */,
				7902336B2BC37B690097BE46 /* Sources */,
				7902336C2BC37B690097BE46 /* Frameworks */,
				7902336D2BC37B690097BE46 /* Resources */,
				4F35AC34A3526C227A6E07A1 /* [CP] Embed Pods Frameworks */,
			);
			buildRules = (
			);
			dependencies = (
				790233712BC37B690097BE46 /* PBXTargetDependency */,
			);
			name = "open-weatherUITests";
			productName = "open-weatherUITests";
			productReference = 7902336F2BC37B690097BE46 /* open-weatherUITests.xctest */;
			productType = "com.apple.product-type.bundle.ui-testing";
		};
/* End PBXNativeTarget section */

/* Begin PBXProject section */
		790233472BC37B660097BE46 /* Project object */ = {
			isa = PBXProject;
			attributes = {
				BuildIndependentTargetsInParallel = 1;
				LastSwiftUpdateCheck = 1530;
				LastUpgradeCheck = 1530;
				TargetAttributes = {
					7902334E2BC37B660097BE46 = {
						CreatedOnToolsVersion = 15.3;
					};
					790233642BC37B680097BE46 = {
						CreatedOnToolsVersion = 15.3;
						TestTargetID = 7902334E2BC37B660097BE46;
					};
					7902336E2BC37B690097BE46 = {
						CreatedOnToolsVersion = 15.3;
						TestTargetID = 7902334E2BC37B660097BE46;
					};
				};
			};
			buildConfigurationList = 7902334A2BC37B660097BE46 /* Build configuration list for PBXProject "open-weather" */;
			compatibilityVersion = "Xcode 14.0";
			developmentRegion = en;
			hasScannedForEncodings = 0;
			knownRegions = (
				en,
				Base,
			);
			mainGroup = 790233462BC37B660097BE46;
			productRefGroup = 790233502BC37B660097BE46 /* Products */;
			projectDirPath = "";
			projectRoot = "";
			targets = (
				7902334E2BC37B660097BE46 /* open-weather */,
				790233642BC37B680097BE46 /* open-weatherTests */,
				7902336E2BC37B690097BE46 /* open-weatherUITests */,
			);
		};
/* End PBXProject section */

/* Begin PBXResourcesBuildPhase section */
		7902334D2BC37B660097BE46 /* Resources */ = {
			isa = PBXResourcesBuildPhase;
			buildActionMask = 2147483647;
			files = (
				7902335C2BC37B680097BE46 /* Assets.xcassets in Resources */,
				7902335F2BC37B680097BE46 /* Base in Resources */,
				792624112BC382E2006FB58E /* Localizable.xcstrings in Resources */,
			);
			runOnlyForDeploymentPostprocessing = 0;
		};
		790233632BC37B680097BE46 /* Resources */ = {
			isa = PBXResourcesBuildPhase;
			buildActionMask = 2147483647;
			files = (
			);
			runOnlyForDeploymentPostprocessing = 0;
		};
		7902336D2BC37B690097BE46 /* Resources */ = {
			isa = PBXResourcesBuildPhase;
			buildActionMask = 2147483647;
			files = (
			);
			runOnlyForDeploymentPostprocessing = 0;
		};
/* End PBXResourcesBuildPhase section */

/* Begin PBXShellScriptBuildPhase section */
		191705AA9CB76ABCDBD92650 /* [CP] Check Pods Manifest.lock */ = {
			isa = PBXShellScriptBuildPhase;
			buildActionMask = 2147483647;
			files = (
			);
			inputFileListPaths = (
			);
			inputPaths = (
				"${PODS_PODFILE_DIR_PATH}/Podfile.lock",
				"${PODS_ROOT}/Manifest.lock",
			);
			name = "[CP] Check Pods Manifest.lock";
			outputFileListPaths = (
			);
			outputPaths = (
				"$(DERIVED_FILE_DIR)/Pods-open-weather-shared-open-weather-tests-shared-open-weatherTests-checkManifestLockResult.txt",
			);
			runOnlyForDeploymentPostprocessing = 0;
			shellPath = /bin/sh;
			shellScript = "diff \"${PODS_PODFILE_DIR_PATH}/Podfile.lock\" \"${PODS_ROOT}/Manifest.lock\" > /dev/null\nif [ $? != 0 ] ; then\n    # print error to STDERR\n    echo \"error: The sandbox is not in sync with the Podfile.lock. Run 'pod install' or update your CocoaPods installation.\" >&2\n    exit 1\nfi\n# This output is used by Xcode 'outputs' to avoid re-running this script phase.\necho \"SUCCESS\" > \"${SCRIPT_OUTPUT_FILE_0}\"\n";
			showEnvVarsInLog = 0;
		};
		4F35AC34A3526C227A6E07A1 /* [CP] Embed Pods Frameworks */ = {
			isa = PBXShellScriptBuildPhase;
			buildActionMask = 2147483647;
			files = (
			);
			inputFileListPaths = (
				"${PODS_ROOT}/Target Support Files/Pods-open-weather-shared-open-weather-tests-shared-open-weatherUITests/Pods-open-weather-shared-open-weather-tests-shared-open-weatherUITests-frameworks-${CONFIGURATION}-input-files.xcfilelist",
			);
			name = "[CP] Embed Pods Frameworks";
			outputFileListPaths = (
				"${PODS_ROOT}/Target Support Files/Pods-open-weather-shared-open-weather-tests-shared-open-weatherUITests/Pods-open-weather-shared-open-weather-tests-shared-open-weatherUITests-frameworks-${CONFIGURATION}-output-files.xcfilelist",
			);
			runOnlyForDeploymentPostprocessing = 0;
			shellPath = /bin/sh;
			shellScript = "\"${PODS_ROOT}/Target Support Files/Pods-open-weather-shared-open-weather-tests-shared-open-weatherUITests/Pods-open-weather-shared-open-weather-tests-shared-open-weatherUITests-frameworks.sh\"\n";
			showEnvVarsInLog = 0;
		};
		51526B6F0EF6880E37CB294B /* [CP] Embed Pods Frameworks */ = {
			isa = PBXShellScriptBuildPhase;
			buildActionMask = 2147483647;
			files = (
			);
			inputFileListPaths = (
				"${PODS_ROOT}/Target Support Files/Pods-open-weather-shared-open-weather/Pods-open-weather-shared-open-weather-frameworks-${CONFIGURATION}-input-files.xcfilelist",
			);
			name = "[CP] Embed Pods Frameworks";
			outputFileListPaths = (
				"${PODS_ROOT}/Target Support Files/Pods-open-weather-shared-open-weather/Pods-open-weather-shared-open-weather-frameworks-${CONFIGURATION}-output-files.xcfilelist",
			);
			runOnlyForDeploymentPostprocessing = 0;
			shellPath = /bin/sh;
			shellScript = "\"${PODS_ROOT}/Target Support Files/Pods-open-weather-shared-open-weather/Pods-open-weather-shared-open-weather-frameworks.sh\"\n";
			showEnvVarsInLog = 0;
		};
		65C115B6280A2EA71F112158 /* [CP] Embed Pods Frameworks */ = {
			isa = PBXShellScriptBuildPhase;
			buildActionMask = 2147483647;
			files = (
			);
			inputFileListPaths = (
				"${PODS_ROOT}/Target Support Files/Pods-open-weather-shared-open-weather-tests-shared-open-weatherTests/Pods-open-weather-shared-open-weather-tests-shared-open-weatherTests-frameworks-${CONFIGURATION}-input-files.xcfilelist",
			);
			name = "[CP] Embed Pods Frameworks";
			outputFileListPaths = (
				"${PODS_ROOT}/Target Support Files/Pods-open-weather-shared-open-weather-tests-shared-open-weatherTests/Pods-open-weather-shared-open-weather-tests-shared-open-weatherTests-frameworks-${CONFIGURATION}-output-files.xcfilelist",
			);
			runOnlyForDeploymentPostprocessing = 0;
			shellPath = /bin/sh;
			shellScript = "\"${PODS_ROOT}/Target Support Files/Pods-open-weather-shared-open-weather-tests-shared-open-weatherTests/Pods-open-weather-shared-open-weather-tests-shared-open-weatherTests-frameworks.sh\"\n";
			showEnvVarsInLog = 0;
		};
		8FFF2CE1F92170135A30D09E /* [CP] Check Pods Manifest.lock */ = {
			isa = PBXShellScriptBuildPhase;
			buildActionMask = 2147483647;
			files = (
			);
			inputFileListPaths = (
			);
			inputPaths = (
				"${PODS_PODFILE_DIR_PATH}/Podfile.lock",
				"${PODS_ROOT}/Manifest.lock",
			);
			name = "[CP] Check Pods Manifest.lock";
			outputFileListPaths = (
			);
			outputPaths = (
				"$(DERIVED_FILE_DIR)/Pods-open-weather-shared-open-weather-tests-shared-open-weatherUITests-checkManifestLockResult.txt",
			);
			runOnlyForDeploymentPostprocessing = 0;
			shellPath = /bin/sh;
			shellScript = "diff \"${PODS_PODFILE_DIR_PATH}/Podfile.lock\" \"${PODS_ROOT}/Manifest.lock\" > /dev/null\nif [ $? != 0 ] ; then\n    # print error to STDERR\n    echo \"error: The sandbox is not in sync with the Podfile.lock. Run 'pod install' or update your CocoaPods installation.\" >&2\n    exit 1\nfi\n# This output is used by Xcode 'outputs' to avoid re-running this script phase.\necho \"SUCCESS\" > \"${SCRIPT_OUTPUT_FILE_0}\"\n";
			showEnvVarsInLog = 0;
		};
		FCCAA09005687DA733C4499A /* [CP] Check Pods Manifest.lock */ = {
			isa = PBXShellScriptBuildPhase;
			buildActionMask = 2147483647;
			files = (
			);
			inputFileListPaths = (
			);
			inputPaths = (
				"${PODS_PODFILE_DIR_PATH}/Podfile.lock",
				"${PODS_ROOT}/Manifest.lock",
			);
			name = "[CP] Check Pods Manifest.lock";
			outputFileListPaths = (
			);
			outputPaths = (
				"$(DERIVED_FILE_DIR)/Pods-open-weather-shared-open-weather-checkManifestLockResult.txt",
			);
			runOnlyForDeploymentPostprocessing = 0;
			shellPath = /bin/sh;
			shellScript = "diff \"${PODS_PODFILE_DIR_PATH}/Podfile.lock\" \"${PODS_ROOT}/Manifest.lock\" > /dev/null\nif [ $? != 0 ] ; then\n    # print error to STDERR\n    echo \"error: The sandbox is not in sync with the Podfile.lock. Run 'pod install' or update your CocoaPods installation.\" >&2\n    exit 1\nfi\n# This output is used by Xcode 'outputs' to avoid re-running this script phase.\necho \"SUCCESS\" > \"${SCRIPT_OUTPUT_FILE_0}\"\n";
			showEnvVarsInLog = 0;
		};
/* End PBXShellScriptBuildPhase section */

/* Begin PBXSourcesBuildPhase section */
		7902334B2BC37B660097BE46 /* Sources */ = {
			isa = PBXSourcesBuildPhase;
			buildActionMask = 2147483647;
			files = (
				790233532BC37B660097BE46 /* AppDelegate.swift in Sources */,
				790233852BC37C7B0097BE46 /* WeatherViewController.swift in Sources */,
				790233552BC37B660097BE46 /* SceneDelegate.swift in Sources */,
				790233872BC37C9A0097BE46 /* WeatherDetailViewController.swift in Sources */,
				790233832BC37C320097BE46 /* RootViewController.swift in Sources */,
				7926240F2BC381D7006FB58E /* BaseViewController.swift in Sources */,
			);
			runOnlyForDeploymentPostprocessing = 0;
		};
		790233612BC37B680097BE46 /* Sources */ = {
			isa = PBXSourcesBuildPhase;
			buildActionMask = 2147483647;
			files = (
				7902336A2BC37B680097BE46 /* open_weatherTests.swift in Sources */,
			);
			runOnlyForDeploymentPostprocessing = 0;
		};
		7902336B2BC37B690097BE46 /* Sources */ = {
			isa = PBXSourcesBuildPhase;
			buildActionMask = 2147483647;
			files = (
				790233742BC37B690097BE46 /* open_weatherUITests.swift in Sources */,
				790233762BC37B690097BE46 /* open_weatherUITestsLaunchTests.swift in Sources */,
			);
			runOnlyForDeploymentPostprocessing = 0;
		};
/* End PBXSourcesBuildPhase section */

/* Begin PBXTargetDependency section */
		790233672BC37B680097BE46 /* PBXTargetDependency */ = {
			isa = PBXTargetDependency;
			target = 7902334E2BC37B660097BE46 /* open-weather */;
			targetProxy = 790233662BC37B680097BE46 /* PBXContainerItemProxy */;
		};
		790233712BC37B690097BE46 /* PBXTargetDependency */ = {
			isa = PBXTargetDependency;
			target = 7902334E2BC37B660097BE46 /* open-weather */;
			targetProxy = 790233702BC37B690097BE46 /* PBXContainerItemProxy */;
		};
/* End PBXTargetDependency section */

/* Begin PBXVariantGroup section */
		7902335D2BC37B680097BE46 /* LaunchScreen.storyboard */ = {
			isa = PBXVariantGroup;
			children = (
				7902335E2BC37B680097BE46 /* Base */,
			);
			name = LaunchScreen.storyboard;
			sourceTree = "<group>";
		};
/* End PBXVariantGroup section */

/* Begin XCBuildConfiguration section */
		790233772BC37B690097BE46 /* Debug */ = {
			isa = XCBuildConfiguration;
			buildSettings = {
				ALWAYS_SEARCH_USER_PATHS = NO;
				ASSETCATALOG_COMPILER_GENERATE_SWIFT_ASSET_SYMBOL_EXTENSIONS = YES;
				CLANG_ANALYZER_NONNULL = YES;
				CLANG_ANALYZER_NUMBER_OBJECT_CONVERSION = YES_AGGRESSIVE;
				CLANG_CXX_LANGUAGE_STANDARD = "gnu++20";
				CLANG_ENABLE_MODULES = YES;
				CLANG_ENABLE_OBJC_ARC = YES;
				CLANG_ENABLE_OBJC_WEAK = YES;
				CLANG_WARN_BLOCK_CAPTURE_AUTORELEASING = YES;
				CLANG_WARN_BOOL_CONVERSION = YES;
				CLANG_WARN_COMMA = YES;
				CLANG_WARN_CONSTANT_CONVERSION = YES;
				CLANG_WARN_DEPRECATED_OBJC_IMPLEMENTATIONS = YES;
				CLANG_WARN_DIRECT_OBJC_ISA_USAGE = YES_ERROR;
				CLANG_WARN_DOCUMENTATION_COMMENTS = YES;
				CLANG_WARN_EMPTY_BODY = YES;
				CLANG_WARN_ENUM_CONVERSION = YES;
				CLANG_WARN_INFINITE_RECURSION = YES;
				CLANG_WARN_INT_CONVERSION = YES;
				CLANG_WARN_NON_LITERAL_NULL_CONVERSION = YES;
				CLANG_WARN_OBJC_IMPLICIT_RETAIN_SELF = YES;
				CLANG_WARN_OBJC_LITERAL_CONVERSION = YES;
				CLANG_WARN_OBJC_ROOT_CLASS = YES_ERROR;
				CLANG_WARN_QUOTED_INCLUDE_IN_FRAMEWORK_HEADER = YES;
				CLANG_WARN_RANGE_LOOP_ANALYSIS = YES;
				CLANG_WARN_STRICT_PROTOTYPES = YES;
				CLANG_WARN_SUSPICIOUS_MOVE = YES;
				CLANG_WARN_UNGUARDED_AVAILABILITY = YES_AGGRESSIVE;
				CLANG_WARN_UNREACHABLE_CODE = YES;
				CLANG_WARN__DUPLICATE_METHOD_MATCH = YES;
				COPY_PHASE_STRIP = NO;
				DEBUG_INFORMATION_FORMAT = dwarf;
				ENABLE_STRICT_OBJC_MSGSEND = YES;
				ENABLE_TESTABILITY = YES;
				ENABLE_USER_SCRIPT_SANDBOXING = YES;
				GCC_C_LANGUAGE_STANDARD = gnu17;
				GCC_DYNAMIC_NO_PIC = NO;
				GCC_NO_COMMON_BLOCKS = YES;
				GCC_OPTIMIZATION_LEVEL = 0;
				GCC_PREPROCESSOR_DEFINITIONS = (
					"DEBUG=1",
					"$(inherited)",
				);
				GCC_WARN_64_TO_32_BIT_CONVERSION = YES;
				GCC_WARN_ABOUT_RETURN_TYPE = YES_ERROR;
				GCC_WARN_UNDECLARED_SELECTOR = YES;
				GCC_WARN_UNINITIALIZED_AUTOS = YES_AGGRESSIVE;
				GCC_WARN_UNUSED_FUNCTION = YES;
				GCC_WARN_UNUSED_VARIABLE = YES;
				IPHONEOS_DEPLOYMENT_TARGET = 17.4;
				LOCALIZATION_PREFERS_STRING_CATALOGS = YES;
				MTL_ENABLE_DEBUG_INFO = INCLUDE_SOURCE;
				MTL_FAST_MATH = YES;
				ONLY_ACTIVE_ARCH = YES;
				SDKROOT = iphoneos;
				SWIFT_ACTIVE_COMPILATION_CONDITIONS = "DEBUG $(inherited)";
				SWIFT_OPTIMIZATION_LEVEL = "-Onone";
			};
			name = Debug;
		};
		790233782BC37B690097BE46 /* Release */ = {
			isa = XCBuildConfiguration;
			buildSettings = {
				ALWAYS_SEARCH_USER_PATHS = NO;
				ASSETCATALOG_COMPILER_GENERATE_SWIFT_ASSET_SYMBOL_EXTENSIONS = YES;
				CLANG_ANALYZER_NONNULL = YES;
				CLANG_ANALYZER_NUMBER_OBJECT_CONVERSION = YES_AGGRESSIVE;
				CLANG_CXX_LANGUAGE_STANDARD = "gnu++20";
				CLANG_ENABLE_MODULES = YES;
				CLANG_ENABLE_OBJC_ARC = YES;
				CLANG_ENABLE_OBJC_WEAK = YES;
				CLANG_WARN_BLOCK_CAPTURE_AUTORELEASING = YES;
				CLANG_WARN_BOOL_CONVERSION = YES;
				CLANG_WARN_COMMA = YES;
				CLANG_WARN_CONSTANT_CONVERSION = YES;
				CLANG_WARN_DEPRECATED_OBJC_IMPLEMENTATIONS = YES;
				CLANG_WARN_DIRECT_OBJC_ISA_USAGE = YES_ERROR;
				CLANG_WARN_DOCUMENTATION_COMMENTS = YES;
				CLANG_WARN_EMPTY_BODY = YES;
				CLANG_WARN_ENUM_CONVERSION = YES;
				CLANG_WARN_INFINITE_RECURSION = YES;
				CLANG_WARN_INT_CONVERSION = YES;
				CLANG_WARN_NON_LITERAL_NULL_CONVERSION = YES;
				CLANG_WARN_OBJC_IMPLICIT_RETAIN_SELF = YES;
				CLANG_WARN_OBJC_LITERAL_CONVERSION = YES;
				CLANG_WARN_OBJC_ROOT_CLASS = YES_ERROR;
				CLANG_WARN_QUOTED_INCLUDE_IN_FRAMEWORK_HEADER = YES;
				CLANG_WARN_RANGE_LOOP_ANALYSIS = YES;
				CLANG_WARN_STRICT_PROTOTYPES = YES;
				CLANG_WARN_SUSPICIOUS_MOVE = YES;
				CLANG_WARN_UNGUARDED_AVAILABILITY = YES_AGGRESSIVE;
				CLANG_WARN_UNREACHABLE_CODE = YES;
				CLANG_WARN__DUPLICATE_METHOD_MATCH = YES;
				COPY_PHASE_STRIP = NO;
				DEBUG_INFORMATION_FORMAT = "dwarf-with-dsym";
				ENABLE_NS_ASSERTIONS = NO;
				ENABLE_STRICT_OBJC_MSGSEND = YES;
				ENABLE_USER_SCRIPT_SANDBOXING = YES;
				GCC_C_LANGUAGE_STANDARD = gnu17;
				GCC_NO_COMMON_BLOCKS = YES;
				GCC_WARN_64_TO_32_BIT_CONVERSION = YES;
				GCC_WARN_ABOUT_RETURN_TYPE = YES_ERROR;
				GCC_WARN_UNDECLARED_SELECTOR = YES;
				GCC_WARN_UNINITIALIZED_AUTOS = YES_AGGRESSIVE;
				GCC_WARN_UNUSED_FUNCTION = YES;
				GCC_WARN_UNUSED_VARIABLE = YES;
				IPHONEOS_DEPLOYMENT_TARGET = 17.4;
				LOCALIZATION_PREFERS_STRING_CATALOGS = YES;
				MTL_ENABLE_DEBUG_INFO = NO;
				MTL_FAST_MATH = YES;
				SDKROOT = iphoneos;
				SWIFT_COMPILATION_MODE = wholemodule;
				VALIDATE_PRODUCT = YES;
			};
			name = Release;
		};
		7902337A2BC37B690097BE46 /* Debug */ = {
			isa = XCBuildConfiguration;
			baseConfigurationReference = 997B463FCA0BD76F2BAB603C /* Pods-open-weather-shared-open-weather.debug.xcconfig */;
			buildSettings = {
				ASSETCATALOG_COMPILER_APPICON_NAME = AppIcon;
				ASSETCATALOG_COMPILER_GLOBAL_ACCENT_COLOR_NAME = AccentColor;
				CODE_SIGN_STYLE = Automatic;
				CURRENT_PROJECT_VERSION = 1;
				DEVELOPMENT_TEAM = C6AZ27TEW2;
				ENABLE_USER_SCRIPT_SANDBOXING = NO;
				GENERATE_INFOPLIST_FILE = YES;
				INFOPLIST_FILE = "open-weather/Info.plist";
				INFOPLIST_KEY_UIApplicationSupportsIndirectInputEvents = YES;
				INFOPLIST_KEY_UILaunchStoryboardName = LaunchScreen;
				INFOPLIST_KEY_UISupportedInterfaceOrientations = "UIInterfaceOrientationLandscapeLeft UIInterfaceOrientationLandscapeRight UIInterfaceOrientationPortrait UIInterfaceOrientationPortraitUpsideDown";
				IPHONEOS_DEPLOYMENT_TARGET = 15.0;
				LD_RUNPATH_SEARCH_PATHS = (
					"$(inherited)",
					"@executable_path/Frameworks",
				);
				MARKETING_VERSION = 1.0;
				PRODUCT_BUNDLE_IDENTIFIER = "com.william-towe.the-meet-group.open-weather";
				PRODUCT_NAME = "$(TARGET_NAME)";
				SWIFT_EMIT_LOC_STRINGS = YES;
				SWIFT_VERSION = 5.0;
				TARGETED_DEVICE_FAMILY = "1,2";
			};
			name = Debug;
		};
		7902337B2BC37B690097BE46 /* Release */ = {
			isa = XCBuildConfiguration;
			baseConfigurationReference = 07766B092D659E81F166ADEA /* Pods-open-weather-shared-open-weather.release.xcconfig */;
			buildSettings = {
				ASSETCATALOG_COMPILER_APPICON_NAME = AppIcon;
				ASSETCATALOG_COMPILER_GLOBAL_ACCENT_COLOR_NAME = AccentColor;
				CODE_SIGN_STYLE = Automatic;
				CURRENT_PROJECT_VERSION = 1;
				DEVELOPMENT_TEAM = C6AZ27TEW2;
				ENABLE_USER_SCRIPT_SANDBOXING = NO;
				GENERATE_INFOPLIST_FILE = YES;
				INFOPLIST_FILE = "open-weather/Info.plist";
				INFOPLIST_KEY_UIApplicationSupportsIndirectInputEvents = YES;
				INFOPLIST_KEY_UILaunchStoryboardName = LaunchScreen;
				INFOPLIST_KEY_UISupportedInterfaceOrientations = "UIInterfaceOrientationLandscapeLeft UIInterfaceOrientationLandscapeRight UIInterfaceOrientationPortrait UIInterfaceOrientationPortraitUpsideDown";
				IPHONEOS_DEPLOYMENT_TARGET = 15.0;
				LD_RUNPATH_SEARCH_PATHS = (
					"$(inherited)",
					"@executable_path/Frameworks",
				);
				MARKETING_VERSION = 1.0;
				PRODUCT_BUNDLE_IDENTIFIER = "com.william-towe.the-meet-group.open-weather";
				PRODUCT_NAME = "$(TARGET_NAME)";
				SWIFT_EMIT_LOC_STRINGS = YES;
				SWIFT_VERSION = 5.0;
				TARGETED_DEVICE_FAMILY = "1,2";
			};
			name = Release;
		};
		7902337D2BC37B690097BE46 /* Debug */ = {
			isa = XCBuildConfiguration;
			baseConfigurationReference = 79542C924A224C64D66AFB22 /* Pods-open-weather-shared-open-weather-tests-shared-open-weatherTests.debug.xcconfig */;
			buildSettings = {
				BUNDLE_LOADER = "$(TEST_HOST)";
				CODE_SIGN_STYLE = Automatic;
				CURRENT_PROJECT_VERSION = 1;
				DEVELOPMENT_TEAM = C6AZ27TEW2;
				ENABLE_USER_SCRIPT_SANDBOXING = NO;
				GENERATE_INFOPLIST_FILE = YES;
				IPHONEOS_DEPLOYMENT_TARGET = 15.0;
				MARKETING_VERSION = 1.0;
				PRODUCT_BUNDLE_IDENTIFIER = "com.william-towe.the-meet-group.open-weatherTests";
				PRODUCT_NAME = "$(TARGET_NAME)";
				SWIFT_EMIT_LOC_STRINGS = NO;
				SWIFT_VERSION = 5.0;
				TARGETED_DEVICE_FAMILY = "1,2";
				TEST_HOST = "$(BUILT_PRODUCTS_DIR)/open-weather.app/$(BUNDLE_EXECUTABLE_FOLDER_PATH)/open-weather";
			};
			name = Debug;
		};
		7902337E2BC37B690097BE46 /* Release */ = {
			isa = XCBuildConfiguration;
			baseConfigurationReference = AF44DB00CD93149AD16A5BBB /* Pods-open-weather-shared-open-weather-tests-shared-open-weatherTests.release.xcconfig */;
			buildSettings = {
				BUNDLE_LOADER = "$(TEST_HOST)";
				CODE_SIGN_STYLE = Automatic;
				CURRENT_PROJECT_VERSION = 1;
				DEVELOPMENT_TEAM = C6AZ27TEW2;
				ENABLE_USER_SCRIPT_SANDBOXING = NO;
				GENERATE_INFOPLIST_FILE = YES;
				IPHONEOS_DEPLOYMENT_TARGET = 15.0;
				MARKETING_VERSION = 1.0;
				PRODUCT_BUNDLE_IDENTIFIER = "com.william-towe.the-meet-group.open-weatherTests";
				PRODUCT_NAME = "$(TARGET_NAME)";
				SWIFT_EMIT_LOC_STRINGS = NO;
				SWIFT_VERSION = 5.0;
				TARGETED_DEVICE_FAMILY = "1,2";
				TEST_HOST = "$(BUILT_PRODUCTS_DIR)/open-weather.app/$(BUNDLE_EXECUTABLE_FOLDER_PATH)/open-weather";
			};
			name = Release;
		};
		790233802BC37B690097BE46 /* Debug */ = {
			isa = XCBuildConfiguration;
			baseConfigurationReference = 4CDDB2C8A885372B73DF3D91 /* Pods-open-weather-shared-open-weather-tests-shared-open-weatherUITests.debug.xcconfig */;
			buildSettings = {
				CODE_SIGN_STYLE = Automatic;
				CURRENT_PROJECT_VERSION = 1;
				DEVELOPMENT_TEAM = C6AZ27TEW2;
				ENABLE_USER_SCRIPT_SANDBOXING = NO;
				GENERATE_INFOPLIST_FILE = YES;
				IPHONEOS_DEPLOYMENT_TARGET = 15.0;
				MARKETING_VERSION = 1.0;
				PRODUCT_BUNDLE_IDENTIFIER = "com.william-towe.the-meet-group.open-weatherUITests";
				PRODUCT_NAME = "$(TARGET_NAME)";
				SWIFT_EMIT_LOC_STRINGS = NO;
				SWIFT_VERSION = 5.0;
				TARGETED_DEVICE_FAMILY = "1,2";
				TEST_TARGET_NAME = "open-weather";
			};
			name = Debug;
		};
		790233812BC37B690097BE46 /* Release */ = {
			isa = XCBuildConfiguration;
			baseConfigurationReference = 363566C58F7E136D288398F0 /* Pods-open-weather-shared-open-weather-tests-shared-open-weatherUITests.release.xcconfig */;
			buildSettings = {
				CODE_SIGN_STYLE = Automatic;
				CURRENT_PROJECT_VERSION = 1;
				DEVELOPMENT_TEAM = C6AZ27TEW2;
				ENABLE_USER_SCRIPT_SANDBOXING = NO;
				GENERATE_INFOPLIST_FILE = YES;
				IPHONEOS_DEPLOYMENT_TARGET = 15.0;
				MARKETING_VERSION = 1.0;
				PRODUCT_BUNDLE_IDENTIFIER = "com.william-towe.the-meet-group.open-weatherUITests";
				PRODUCT_NAME = "$(TARGET_NAME)";
				SWIFT_EMIT_LOC_STRINGS = NO;
				SWIFT_VERSION = 5.0;
				TARGETED_DEVICE_FAMILY = "1,2";
				TEST_TARGET_NAME = "open-weather";
			};
			name = Release;
		};
/* End XCBuildConfiguration section */

/* Begin XCConfigurationList section */
		7902334A2BC37B660097BE46 /* Build configuration list for PBXProject "open-weather" */ = {
			isa = XCConfigurationList;
			buildConfigurations = (
				790233772BC37B690097BE46 /* Debug */,
				790233782BC37B690097BE46 /* Release */,
			);
			defaultConfigurationIsVisible = 0;
			defaultConfigurationName = Release;
		};
		790233792BC37B690097BE46 /* Build configuration list for PBXNativeTarget "open-weather" */ = {
			isa = XCConfigurationList;
			buildConfigurations = (
				7902337A2BC37B690097BE46 /* Debug */,
				7902337B2BC37B690097BE46 /* Release */,
			);
			defaultConfigurationIsVisible = 0;
			defaultConfigurationName = Release;
		};
		7902337C2BC37B690097BE46 /* Build configuration list for PBXNativeTarget "open-weatherTests" */ = {
			isa = XCConfigurationList;
			buildConfigurations = (
				7902337D2BC37B690097BE46 /* Debug */,
				7902337E2BC37B690097BE46 /* Release */,
			);
			defaultConfigurationIsVisible = 0;
			defaultConfigurationName = Release;
		};
		7902337F2BC37B690097BE46 /* Build configuration list for PBXNativeTarget "open-weatherUITests" */ = {
			isa = XCConfigurationList;
			buildConfigurations = (
				790233802BC37B690097BE46 /* Debug */,
				790233812BC37B690097BE46 /* Release */,
			);
			defaultConfigurationIsVisible = 0;
			defaultConfigurationName = Release;
		};
/* End XCConfigurationList section */
	};
	rootObject = 790233472BC37B660097BE46 /* Project object */;
}
